// !$*UTF8*$!
{
	archiveVersion = 1;
	classes = {
	};
	objectVersion = 50;
	objects = {

/* Begin PBXBuildFile section */
		0BFB0ED40AED6FF0254C42C4 /* Pods_WeatherApp.framework in Frameworks */ = {isa = PBXBuildFile; fileRef = 04D58EFE7858DD676D377B80 /* Pods_WeatherApp.framework */; };
		9C5E21BDF3ABF99FAD5994EA /* Pods_WeatherAppUITests.framework in Frameworks */ = {isa = PBXBuildFile; fileRef = 1969B9C2AAC5FF74C1227E6B /* Pods_WeatherAppUITests.framework */; };
		F65F08172255A10700FADE15 /* AppDelegate.swift in Sources */ = {isa = PBXBuildFile; fileRef = F65F08162255A10700FADE15 /* AppDelegate.swift */; };
		F65F08192255A10700FADE15 /* ForecastViewController.swift in Sources */ = {isa = PBXBuildFile; fileRef = F65F08182255A10700FADE15 /* ForecastViewController.swift */; };
		F65F081C2255A10700FADE15 /* Main.storyboard in Resources */ = {isa = PBXBuildFile; fileRef = F65F081A2255A10700FADE15 /* Main.storyboard */; };
		F65F081E2255A10800FADE15 /* Assets.xcassets in Resources */ = {isa = PBXBuildFile; fileRef = F65F081D2255A10800FADE15 /* Assets.xcassets */; };
		F65F08212255A10800FADE15 /* LaunchScreen.storyboard in Resources */ = {isa = PBXBuildFile; fileRef = F65F081F2255A10800FADE15 /* LaunchScreen.storyboard */; };
		F65F082C2255A10800FADE15 /* WeatherAppUITests.swift in Sources */ = {isa = PBXBuildFile; fileRef = F65F082B2255A10800FADE15 /* WeatherAppUITests.swift */; };
		F65F08372255C39800FADE15 /* ForecastAdapter.swift in Sources */ = {isa = PBXBuildFile; fileRef = F65F08362255C39800FADE15 /* ForecastAdapter.swift */; };
		F69E0BE422A76EDE007C3913 /* ForecastViewModel.swift in Sources */ = {isa = PBXBuildFile; fileRef = F69E0BE322A76EDE007C3913 /* ForecastViewModel.swift */; };
/* End PBXBuildFile section */

/* Begin PBXContainerItemProxy section */
		F65F08282255A10800FADE15 /* PBXContainerItemProxy */ = {
			isa = PBXContainerItemProxy;
			containerPortal = F65F080B2255A10700FADE15 /* Project object */;
			proxyType = 1;
			remoteGlobalIDString = F65F08122255A10700FADE15;
			remoteInfo = WeatherApp;
		};
/* End PBXContainerItemProxy section */

/* Begin PBXFileReference section */
		041515B5262EC9447DC07D49 /* Pods-WeatherApp.debug.xcconfig */ = {isa = PBXFileReference; includeInIndex = 1; lastKnownFileType = text.xcconfig; name = "Pods-WeatherApp.debug.xcconfig"; path = "Target Support Files/Pods-WeatherApp/Pods-WeatherApp.debug.xcconfig"; sourceTree = "<group>"; };
		04D58EFE7858DD676D377B80 /* Pods_WeatherApp.framework */ = {isa = PBXFileReference; explicitFileType = wrapper.framework; includeInIndex = 0; path = Pods_WeatherApp.framework; sourceTree = BUILT_PRODUCTS_DIR; };
		1969B9C2AAC5FF74C1227E6B /* Pods_WeatherAppUITests.framework */ = {isa = PBXFileReference; explicitFileType = wrapper.framework; includeInIndex = 0; path = Pods_WeatherAppUITests.framework; sourceTree = BUILT_PRODUCTS_DIR; };
		45A16BEC2029322ACC5A0A5B /* Pods-WeatherAppUITests.release.xcconfig */ = {isa = PBXFileReference; includeInIndex = 1; lastKnownFileType = text.xcconfig; name = "Pods-WeatherAppUITests.release.xcconfig"; path = "Target Support Files/Pods-WeatherAppUITests/Pods-WeatherAppUITests.release.xcconfig"; sourceTree = "<group>"; };
		D6D15C1CD8AE8026D4E7C82D /* Pods-WeatherApp.release.xcconfig */ = {isa = PBXFileReference; includeInIndex = 1; lastKnownFileType = text.xcconfig; name = "Pods-WeatherApp.release.xcconfig"; path = "Target Support Files/Pods-WeatherApp/Pods-WeatherApp.release.xcconfig"; sourceTree = "<group>"; };
		E56664CB227DF2A924FD7960 /* Pods-WeatherAppUITests.debug.xcconfig */ = {isa = PBXFileReference; includeInIndex = 1; lastKnownFileType = text.xcconfig; name = "Pods-WeatherAppUITests.debug.xcconfig"; path = "Target Support Files/Pods-WeatherAppUITests/Pods-WeatherAppUITests.debug.xcconfig"; sourceTree = "<group>"; };
		F65F08132255A10700FADE15 /* WeatherApp.app */ = {isa = PBXFileReference; explicitFileType = wrapper.application; includeInIndex = 0; path = WeatherApp.app; sourceTree = BUILT_PRODUCTS_DIR; };
		F65F08162255A10700FADE15 /* AppDelegate.swift */ = {isa = PBXFileReference; lastKnownFileType = sourcecode.swift; path = AppDelegate.swift; sourceTree = "<group>"; };
		F65F08182255A10700FADE15 /* ForecastViewController.swift */ = {isa = PBXFileReference; lastKnownFileType = sourcecode.swift; path = ForecastViewController.swift; sourceTree = "<group>"; };
		F65F081B2255A10700FADE15 /* Base */ = {isa = PBXFileReference; lastKnownFileType = file.storyboard; name = Base; path = Base.lproj/Main.storyboard; sourceTree = "<group>"; };
		F65F081D2255A10800FADE15 /* Assets.xcassets */ = {isa = PBXFileReference; lastKnownFileType = folder.assetcatalog; path = Assets.xcassets; sourceTree = "<group>"; };
		F65F08202255A10800FADE15 /* Base */ = {isa = PBXFileReference; lastKnownFileType = file.storyboard; name = Base; path = Base.lproj/LaunchScreen.storyboard; sourceTree = "<group>"; };
		F65F08222255A10800FADE15 /* Info.plist */ = {isa = PBXFileReference; lastKnownFileType = text.plist.xml; path = Info.plist; sourceTree = "<group>"; };
		F65F08272255A10800FADE15 /* WeatherAppUITests.xctest */ = {isa = PBXFileReference; explicitFileType = wrapper.cfbundle; includeInIndex = 0; path = WeatherAppUITests.xctest; sourceTree = BUILT_PRODUCTS_DIR; };
		F65F082B2255A10800FADE15 /* WeatherAppUITests.swift */ = {isa = PBXFileReference; lastKnownFileType = sourcecode.swift; path = WeatherAppUITests.swift; sourceTree = "<group>"; };
		F65F082D2255A10800FADE15 /* Info.plist */ = {isa = PBXFileReference; lastKnownFileType = text.plist.xml; path = Info.plist; sourceTree = "<group>"; };
		F65F08362255C39800FADE15 /* ForecastAdapter.swift */ = {isa = PBXFileReference; lastKnownFileType = sourcecode.swift; path = ForecastAdapter.swift; sourceTree = "<group>"; };
		F69E0BE322A76EDE007C3913 /* ForecastViewModel.swift */ = {isa = PBXFileReference; lastKnownFileType = sourcecode.swift; path = ForecastViewModel.swift; sourceTree = "<group>"; };
/* End PBXFileReference section */

/* Begin PBXFrameworksBuildPhase section */
		F65F08102255A10700FADE15 /* Frameworks */ = {
			isa = PBXFrameworksBuildPhase;
			buildActionMask = 2147483647;
			files = (
				0BFB0ED40AED6FF0254C42C4 /* Pods_WeatherApp.framework in Frameworks */,
			);
			runOnlyForDeploymentPostprocessing = 0;
		};
		F65F08242255A10800FADE15 /* Frameworks */ = {
			isa = PBXFrameworksBuildPhase;
			buildActionMask = 2147483647;
			files = (
				9C5E21BDF3ABF99FAD5994EA /* Pods_WeatherAppUITests.framework in Frameworks */,
			);
			runOnlyForDeploymentPostprocessing = 0;
		};
/* End PBXFrameworksBuildPhase section */

/* Begin PBXGroup section */
		4804B0B5A11275A3492FC3C6 /* Frameworks */ = {
			isa = PBXGroup;
			children = (
				04D58EFE7858DD676D377B80 /* Pods_WeatherApp.framework */,
				1969B9C2AAC5FF74C1227E6B /* Pods_WeatherAppUITests.framework */,
			);
			name = Frameworks;
			sourceTree = "<group>";
		};
		4EFC9EFEEC4F531BEA8CF147 /* Pods */ = {
			isa = PBXGroup;
			children = (
				041515B5262EC9447DC07D49 /* Pods-WeatherApp.debug.xcconfig */,
				D6D15C1CD8AE8026D4E7C82D /* Pods-WeatherApp.release.xcconfig */,
				E56664CB227DF2A924FD7960 /* Pods-WeatherAppUITests.debug.xcconfig */,
				45A16BEC2029322ACC5A0A5B /* Pods-WeatherAppUITests.release.xcconfig */,
			);
			path = Pods;
			sourceTree = "<group>";
		};
		F65F080A2255A10700FADE15 = {
			isa = PBXGroup;
			children = (
				F65F08152255A10700FADE15 /* WeatherApp */,
				F65F082A2255A10800FADE15 /* WeatherAppUITests */,
				F65F08142255A10700FADE15 /* Products */,
				4EFC9EFEEC4F531BEA8CF147 /* Pods */,
				4804B0B5A11275A3492FC3C6 /* Frameworks */,
			);
			sourceTree = "<group>";
		};
		F65F08142255A10700FADE15 /* Products */ = {
			isa = PBXGroup;
			children = (
				F65F08132255A10700FADE15 /* WeatherApp.app */,
				F65F08272255A10800FADE15 /* WeatherAppUITests.xctest */,
			);
			name = Products;
			sourceTree = "<group>";
		};
		F65F08152255A10700FADE15 /* WeatherApp */ = {
			isa = PBXGroup;
			children = (
				F69E0BE222A76E53007C3913 /* Forecast */,
				F65F08162255A10700FADE15 /* AppDelegate.swift */,
				F65F081D2255A10800FADE15 /* Assets.xcassets */,
				F65F081F2255A10800FADE15 /* LaunchScreen.storyboard */,
				F65F08222255A10800FADE15 /* Info.plist */,
			);
			path = WeatherApp;
			sourceTree = "<group>";
		};
		F65F082A2255A10800FADE15 /* WeatherAppUITests */ = {
			isa = PBXGroup;
			children = (
				F65F082B2255A10800FADE15 /* WeatherAppUITests.swift */,
				F65F082D2255A10800FADE15 /* Info.plist */,
			);
			path = WeatherAppUITests;
			sourceTree = "<group>";
		};
		F69E0BE222A76E53007C3913 /* Forecast */ = {
			isa = PBXGroup;
			children = (
				F65F081A2255A10700FADE15 /* Main.storyboard */,
				F65F08362255C39800FADE15 /* ForecastAdapter.swift */,
				F65F08182255A10700FADE15 /* ForecastViewController.swift */,
				F69E0BE322A76EDE007C3913 /* ForecastViewModel.swift */,
			);
			path = Forecast;
			sourceTree = "<group>";
		};
/* End PBXGroup section */

/* Begin PBXNativeTarget section */
		F65F08122255A10700FADE15 /* WeatherApp */ = {
			isa = PBXNativeTarget;
			buildConfigurationList = F65F08302255A10800FADE15 /* Build configuration list for PBXNativeTarget "WeatherApp" */;
			buildPhases = (
				4D2C2805B62D9430D3A8A856 /* [CP] Check Pods Manifest.lock */,
				F65F080F2255A10700FADE15 /* Sources */,
				F65F08102255A10700FADE15 /* Frameworks */,
				F65F08112255A10700FADE15 /* Resources */,
				442BC79131CE43405D2D9CE0 /* [CP] Embed Pods Frameworks */,
			);
			buildRules = (
			);
			dependencies = (
			);
			name = WeatherApp;
			productName = WeatherApp;
			productReference = F65F08132255A10700FADE15 /* WeatherApp.app */;
			productType = "com.apple.product-type.application";
		};
		F65F08262255A10800FADE15 /* WeatherAppUITests */ = {
			isa = PBXNativeTarget;
			buildConfigurationList = F65F08332255A10800FADE15 /* Build configuration list for PBXNativeTarget "WeatherAppUITests" */;
			buildPhases = (
				3F123F1B42FA18CBD67F418E /* [CP] Check Pods Manifest.lock */,
				F65F08232255A10800FADE15 /* Sources */,
				F65F08242255A10800FADE15 /* Frameworks */,
				F65F08252255A10800FADE15 /* Resources */,
			);
			buildRules = (
			);
			dependencies = (
				F65F08292255A10800FADE15 /* PBXTargetDependency */,
			);
			name = WeatherAppUITests;
			productName = WeatherAppUITests;
			productReference = F65F08272255A10800FADE15 /* WeatherAppUITests.xctest */;
			productType = "com.apple.product-type.bundle.ui-testing";
		};
/* End PBXNativeTarget section */

/* Begin PBXProject section */
		F65F080B2255A10700FADE15 /* Project object */ = {
			isa = PBXProject;
			attributes = {
				LastSwiftUpdateCheck = 1020;
				LastUpgradeCheck = 1020;
				ORGANIZATIONNAME = Targaryen;
				TargetAttributes = {
					F65F08122255A10700FADE15 = {
						CreatedOnToolsVersion = 10.2;
					};
					F65F08262255A10800FADE15 = {
						CreatedOnToolsVersion = 10.2;
						TestTargetID = F65F08122255A10700FADE15;
					};
				};
			};
			buildConfigurationList = F65F080E2255A10700FADE15 /* Build configuration list for PBXProject "WeatherApp" */;
			compatibilityVersion = "Xcode 9.3";
			developmentRegion = en;
			hasScannedForEncodings = 0;
			knownRegions = (
				en,
				Base,
			);
			mainGroup = F65F080A2255A10700FADE15;
			productRefGroup = F65F08142255A10700FADE15 /* Products */;
			projectDirPath = "";
			projectRoot = "";
			targets = (
				F65F08122255A10700FADE15 /* WeatherApp */,
				F65F08262255A10800FADE15 /* WeatherAppUITests */,
			);
		};
/* End PBXProject section */

/* Begin PBXResourcesBuildPhase section */
		F65F08112255A10700FADE15 /* Resources */ = {
			isa = PBXResourcesBuildPhase;
			buildActionMask = 2147483647;
			files = (
				F65F08212255A10800FADE15 /* LaunchScreen.storyboard in Resources */,
				F65F081E2255A10800FADE15 /* Assets.xcassets in Resources */,
				F65F081C2255A10700FADE15 /* Main.storyboard in Resources */,
			);
			runOnlyForDeploymentPostprocessing = 0;
		};
		F65F08252255A10800FADE15 /* Resources */ = {
			isa = PBXResourcesBuildPhase;
			buildActionMask = 2147483647;
			files = (
			);
			runOnlyForDeploymentPostprocessing = 0;
		};
/* End PBXResourcesBuildPhase section */

/* Begin PBXShellScriptBuildPhase section */
		3F123F1B42FA18CBD67F418E /* [CP] Check Pods Manifest.lock */ = {
			isa = PBXShellScriptBuildPhase;
			buildActionMask = 2147483647;
			files = (
			);
			inputFileListPaths = (
			);
			inputPaths = (
				"${PODS_PODFILE_DIR_PATH}/Podfile.lock",
				"${PODS_ROOT}/Manifest.lock",
			);
			name = "[CP] Check Pods Manifest.lock";
			outputFileListPaths = (
			);
			outputPaths = (
				"$(DERIVED_FILE_DIR)/Pods-WeatherAppUITests-checkManifestLockResult.txt",
			);
			runOnlyForDeploymentPostprocessing = 0;
			shellPath = /bin/sh;
			shellScript = "diff \"${PODS_PODFILE_DIR_PATH}/Podfile.lock\" \"${PODS_ROOT}/Manifest.lock\" > /dev/null\nif [ $? != 0 ] ; then\n    # print error to STDERR\n    echo \"error: The sandbox is not in sync with the Podfile.lock. Run 'pod install' or update your CocoaPods installation.\" >&2\n    exit 1\nfi\n# This output is used by Xcode 'outputs' to avoid re-running this script phase.\necho \"SUCCESS\" > \"${SCRIPT_OUTPUT_FILE_0}\"\n";
			showEnvVarsInLog = 0;
		};
		442BC79131CE43405D2D9CE0 /* [CP] Embed Pods Frameworks */ = {
			isa = PBXShellScriptBuildPhase;
			buildActionMask = 2147483647;
			files = (
			);
			inputFileListPaths = (
			);
			inputPaths = (
				"${PODS_ROOT}/Target Support Files/Pods-WeatherApp/Pods-WeatherApp-frameworks.sh",
				"${BUILT_PRODUCTS_DIR}/OAuthSwift/OAuthSwift.framework",
			);
			name = "[CP] Embed Pods Frameworks";
			outputFileListPaths = (
			);
			outputPaths = (
				"${TARGET_BUILD_DIR}/${FRAMEWORKS_FOLDER_PATH}/OAuthSwift.framework",
			);
			runOnlyForDeploymentPostprocessing = 0;
			shellPath = /bin/sh;
			shellScript = "\"${PODS_ROOT}/Target Support Files/Pods-WeatherApp/Pods-WeatherApp-frameworks.sh\"\n";
			showEnvVarsInLog = 0;
		};
		4D2C2805B62D9430D3A8A856 /* [CP] Check Pods Manifest.lock */ = {
			isa = PBXShellScriptBuildPhase;
			buildActionMask = 2147483647;
			files = (
			);
			inputFileListPaths = (
			);
			inputPaths = (
				"${PODS_PODFILE_DIR_PATH}/Podfile.lock",
				"${PODS_ROOT}/Manifest.lock",
			);
			name = "[CP] Check Pods Manifest.lock";
			outputFileListPaths = (
			);
			outputPaths = (
				"$(DERIVED_FILE_DIR)/Pods-WeatherApp-checkManifestLockResult.txt",
			);
			runOnlyForDeploymentPostprocessing = 0;
			shellPath = /bin/sh;
			shellScript = "diff \"${PODS_PODFILE_DIR_PATH}/Podfile.lock\" \"${PODS_ROOT}/Manifest.lock\" > /dev/null\nif [ $? != 0 ] ; then\n    # print error to STDERR\n    echo \"error: The sandbox is not in sync with the Podfile.lock. Run 'pod install' or update your CocoaPods installation.\" >&2\n    exit 1\nfi\n# This output is used by Xcode 'outputs' to avoid re-running this script phase.\necho \"SUCCESS\" > \"${SCRIPT_OUTPUT_FILE_0}\"\n";
			showEnvVarsInLog = 0;
		};
/* End PBXShellScriptBuildPhase section */

/* Begin PBXSourcesBuildPhase section */
		F65F080F2255A10700FADE15 /* Sources */ = {
			isa = PBXSourcesBuildPhase;
			buildActionMask = 2147483647;
			files = (
				F65F08372255C39800FADE15 /* ForecastAdapter.swift in Sources */,
				F69E0BE422A76EDE007C3913 /* ForecastViewModel.swift in Sources */,
				F65F08192255A10700FADE15 /* ForecastViewController.swift in Sources */,
				F65F08172255A10700FADE15 /* AppDelegate.swift in Sources */,
			);
			runOnlyForDeploymentPostprocessing = 0;
		};
		F65F08232255A10800FADE15 /* Sources */ = {
			isa = PBXSourcesBuildPhase;
			buildActionMask = 2147483647;
			files = (
				F65F082C2255A10800FADE15 /* WeatherAppUITests.swift in Sources */,
			);
			runOnlyForDeploymentPostprocessing = 0;
		};
/* End PBXSourcesBuildPhase section */

/* Begin PBXTargetDependency section */
		F65F08292255A10800FADE15 /* PBXTargetDependency */ = {
			isa = PBXTargetDependency;
			target = F65F08122255A10700FADE15 /* WeatherApp */;
			targetProxy = F65F08282255A10800FADE15 /* PBXContainerItemProxy */;
		};
/* End PBXTargetDependency section */

/* Begin PBXVariantGroup section */
		F65F081A2255A10700FADE15 /* Main.storyboard */ = {
			isa = PBXVariantGroup;
			children = (
				F65F081B2255A10700FADE15 /* Base */,
			);
			name = Main.storyboard;
			sourceTree = "<group>";
		};
		F65F081F2255A10800FADE15 /* LaunchScreen.storyboard */ = {
			isa = PBXVariantGroup;
			children = (
				F65F08202255A10800FADE15 /* Base */,
			);
			name = LaunchScreen.storyboard;
			sourceTree = "<group>";
		};
/* End PBXVariantGroup section */

/* Begin XCBuildConfiguration section */
		F65F082E2255A10800FADE15 /* Debug */ = {
			isa = XCBuildConfiguration;
			buildSettings = {
				ALWAYS_SEARCH_USER_PATHS = NO;
				CLANG_ANALYZER_NONNULL = YES;
				CLANG_ANALYZER_NUMBER_OBJECT_CONVERSION = YES_AGGRESSIVE;
				CLANG_CXX_LANGUAGE_STANDARD = "gnu++14";
				CLANG_CXX_LIBRARY = "libc++";
				CLANG_ENABLE_MODULES = YES;
				CLANG_ENABLE_OBJC_ARC = YES;
				CLANG_ENABLE_OBJC_WEAK = YES;
				CLANG_WARN_BLOCK_CAPTURE_AUTORELEASING = YES;
				CLANG_WARN_BOOL_CONVERSION = YES;
				CLANG_WARN_COMMA = YES;
				CLANG_WARN_CONSTANT_CONVERSION = YES;
				CLANG_WARN_DEPRECATED_OBJC_IMPLEMENTATIONS = YES;
				CLANG_WARN_DIRECT_OBJC_ISA_USAGE = YES_ERROR;
				CLANG_WARN_DOCUMENTATION_COMMENTS = YES;
				CLANG_WARN_EMPTY_BODY = YES;
				CLANG_WARN_ENUM_CONVERSION = YES;
				CLANG_WARN_INFINITE_RECURSION = YES;
				CLANG_WARN_INT_CONVERSION = YES;
				CLANG_WARN_NON_LITERAL_NULL_CONVERSION = YES;
				CLANG_WARN_OBJC_IMPLICIT_RETAIN_SELF = YES;
				CLANG_WARN_OBJC_LITERAL_CONVERSION = YES;
				CLANG_WARN_OBJC_ROOT_CLASS = YES_ERROR;
				CLANG_WARN_RANGE_LOOP_ANALYSIS = YES;
				CLANG_WARN_STRICT_PROTOTYPES = YES;
				CLANG_WARN_SUSPICIOUS_MOVE = YES;
				CLANG_WARN_UNGUARDED_AVAILABILITY = YES_AGGRESSIVE;
				CLANG_WARN_UNREACHABLE_CODE = YES;
				CLANG_WARN__DUPLICATE_METHOD_MATCH = YES;
				CODE_SIGN_IDENTITY = "iPhone Developer";
				COPY_PHASE_STRIP = NO;
				DEBUG_INFORMATION_FORMAT = dwarf;
				ENABLE_STRICT_OBJC_MSGSEND = YES;
				ENABLE_TESTABILITY = YES;
				GCC_C_LANGUAGE_STANDARD = gnu11;
				GCC_DYNAMIC_NO_PIC = NO;
				GCC_NO_COMMON_BLOCKS = YES;
				GCC_OPTIMIZATION_LEVEL = 0;
				GCC_PREPROCESSOR_DEFINITIONS = (
					"DEBUG=1",
					"$(inherited)",
				);
				GCC_WARN_64_TO_32_BIT_CONVERSION = YES;
				GCC_WARN_ABOUT_RETURN_TYPE = YES_ERROR;
				GCC_WARN_UNDECLARED_SELECTOR = YES;
				GCC_WARN_UNINITIALIZED_AUTOS = YES_AGGRESSIVE;
				GCC_WARN_UNUSED_FUNCTION = YES;
				GCC_WARN_UNUSED_VARIABLE = YES;
				IPHONEOS_DEPLOYMENT_TARGET = 12.2;
				MTL_ENABLE_DEBUG_INFO = INCLUDE_SOURCE;
				MTL_FAST_MATH = YES;
				ONLY_ACTIVE_ARCH = YES;
				SDKROOT = iphoneos;
				SWIFT_ACTIVE_COMPILATION_CONDITIONS = DEBUG;
				SWIFT_OPTIMIZATION_LEVEL = "-Onone";
			};
			name = Debug;
		};
		F65F082F2255A10800FADE15 /* Release */ = {
			isa = XCBuildConfiguration;
			buildSettings = {
				ALWAYS_SEARCH_USER_PATHS = NO;
				CLANG_ANALYZER_NONNULL = YES;
				CLANG_ANALYZER_NUMBER_OBJECT_CONVERSION = YES_AGGRESSIVE;
				CLANG_CXX_LANGUAGE_STANDARD = "gnu++14";
				CLANG_CXX_LIBRARY = "libc++";
				CLANG_ENABLE_MODULES = YES;
				CLANG_ENABLE_OBJC_ARC = YES;
				CLANG_ENABLE_OBJC_WEAK = YES;
				CLANG_WARN_BLOCK_CAPTURE_AUTORELEASING = YES;
				CLANG_WARN_BOOL_CONVERSION = YES;
				CLANG_WARN_COMMA = YES;
				CLANG_WARN_CONSTANT_CONVERSION = YES;
				CLANG_WARN_DEPRECATED_OBJC_IMPLEMENTATIONS = YES;
				CLANG_WARN_DIRECT_OBJC_ISA_USAGE = YES_ERROR;
				CLANG_WARN_DOCUMENTATION_COMMENTS = YES;
				CLANG_WARN_EMPTY_BODY = YES;
				CLANG_WARN_ENUM_CONVERSION = YES;
				CLANG_WARN_INFINITE_RECURSION = YES;
				CLANG_WARN_INT_CONVERSION = YES;
				CLANG_WARN_NON_LITERAL_NULL_CONVERSION = YES;
				CLANG_WARN_OBJC_IMPLICIT_RETAIN_SELF = YES;
				CLANG_WARN_OBJC_LITERAL_CONVERSION = YES;
				CLANG_WARN_OBJC_ROOT_CLASS = YES_ERROR;
				CLANG_WARN_RANGE_LOOP_ANALYSIS = YES;
				CLANG_WARN_STRICT_PROTOTYPES = YES;
				CLANG_WARN_SUSPICIOUS_MOVE = YES;
				CLANG_WARN_UNGUARDED_AVAILABILITY = YES_AGGRESSIVE;
				CLANG_WARN_UNREACHABLE_CODE = YES;
				CLANG_WARN__DUPLICATE_METHOD_MATCH = YES;
				CODE_SIGN_IDENTITY = "iPhone Developer";
				COPY_PHASE_STRIP = NO;
				DEBUG_INFORMATION_FORMAT = "dwarf-with-dsym";
				ENABLE_NS_ASSERTIONS = NO;
				ENABLE_STRICT_OBJC_MSGSEND = YES;
				GCC_C_LANGUAGE_STANDARD = gnu11;
				GCC_NO_COMMON_BLOCKS = YES;
				GCC_WARN_64_TO_32_BIT_CONVERSION = YES;
				GCC_WARN_ABOUT_RETURN_TYPE = YES_ERROR;
				GCC_WARN_UNDECLARED_SELECTOR = YES;
				GCC_WARN_UNINITIALIZED_AUTOS = YES_AGGRESSIVE;
				GCC_WARN_UNUSED_FUNCTION = YES;
				GCC_WARN_UNUSED_VARIABLE = YES;
				IPHONEOS_DEPLOYMENT_TARGET = 12.2;
				MTL_ENABLE_DEBUG_INFO = NO;
				MTL_FAST_MATH = YES;
				SDKROOT = iphoneos;
				SWIFT_COMPILATION_MODE = wholemodule;
				SWIFT_OPTIMIZATION_LEVEL = "-O";
				VALIDATE_PRODUCT = YES;
			};
			name = Release;
		};
		F65F08312255A10800FADE15 /* Debug */ = {
			isa = XCBuildConfiguration;
			baseConfigurationReference = 041515B5262EC9447DC07D49 /* Pods-WeatherApp.debug.xcconfig */;
			buildSettings = {
				ASSETCATALOG_COMPILER_APPICON_NAME = AppIcon;
				CODE_SIGN_STYLE = Automatic;
				INFOPLIST_FILE = WeatherApp/Info.plist;
				LD_RUNPATH_SEARCH_PATHS = (
					"$(inherited)",
					"@executable_path/Frameworks",
				);
				PRODUCT_BUNDLE_IDENTIFIER = com.alan.WeatherApp;
				PRODUCT_NAME = "$(TARGET_NAME)";
				SWIFT_VERSION = 5.0;
				TARGETED_DEVICE_FAMILY = "1,2";
			};
			name = Debug;
		};
		F65F08322255A10800FADE15 /* Release */ = {
			isa = XCBuildConfiguration;
			baseConfigurationReference = D6D15C1CD8AE8026D4E7C82D /* Pods-WeatherApp.release.xcconfig */;
			buildSettings = {
				ASSETCATALOG_COMPILER_APPICON_NAME = AppIcon;
				CODE_SIGN_STYLE = Automatic;
				INFOPLIST_FILE = WeatherApp/Info.plist;
				LD_RUNPATH_SEARCH_PATHS = (
					"$(inherited)",
					"@executable_path/Frameworks",
				);
				PRODUCT_BUNDLE_IDENTIFIER = com.alan.WeatherApp;
				PRODUCT_NAME = "$(TARGET_NAME)";
				SWIFT_VERSION = 5.0;
				TARGETED_DEVICE_FAMILY = "1,2";
			};
			name = Release;
		};
		F65F08342255A10800FADE15 /* Debug */ = {
			isa = XCBuildConfiguration;
			baseConfigurationReference = E56664CB227DF2A924FD7960 /* Pods-WeatherAppUITests.debug.xcconfig */;
			buildSettings = {
				ALWAYS_EMBED_SWIFT_STANDARD_LIBRARIES = YES;
				CODE_SIGN_STYLE = Automatic;
				INFOPLIST_FILE = WeatherAppUITests/Info.plist;
				LD_RUNPATH_SEARCH_PATHS = (
					"$(inherited)",
					"@executable_path/Frameworks",
					"@loader_path/Frameworks",
				);
				PRODUCT_BUNDLE_IDENTIFIER = com.alan.WeatherAppUITests;
				PRODUCT_NAME = "$(TARGET_NAME)";
				SWIFT_VERSION = 5.0;
				TARGETED_DEVICE_FAMILY = "1,2";
				TEST_TARGET_NAME = WeatherApp;
			};
			name = Debug;
		};
		F65F08352255A10800FADE15 /* Release */ = {
			isa = XCBuildConfiguration;
			baseConfigurationReference = 45A16BEC2029322ACC5A0A5B /* Pods-WeatherAppUITests.release.xcconfig */;
			buildSettings = {
				ALWAYS_EMBED_SWIFT_STANDARD_LIBRARIES = YES;
				CODE_SIGN_STYLE = Automatic;
				INFOPLIST_FILE = WeatherAppUITests/Info.plist;
				LD_RUNPATH_SEARCH_PATHS = (
					"$(inherited)",
					"@executable_path/Frameworks",
					"@loader_path/Frameworks",
				);
				PRODUCT_BUNDLE_IDENTIFIER = com.alan.WeatherAppUITests;
				PRODUCT_NAME = "$(TARGET_NAME)";
				SWIFT_VERSION = 5.0;
				TARGETED_DEVICE_FAMILY = "1,2";
				TEST_TARGET_NAME = WeatherApp;
			};
			name = Release;
		};
/* End XCBuildConfiguration section */

/* Begin XCConfigurationList section */
		F65F080E2255A10700FADE15 /* Build configuration list for PBXProject "WeatherApp" */ = {
			isa = XCConfigurationList;
			buildConfigurations = (
				F65F082E2255A10800FADE15 /* Debug */,
				F65F082F2255A10800FADE15 /* Release */,
			);
			defaultConfigurationIsVisible = 0;
			defaultConfigurationName = Release;
		};
		F65F08302255A10800FADE15 /* Build configuration list for PBXNativeTarget "WeatherApp" */ = {
			isa = XCConfigurationList;
			buildConfigurations = (
				F65F08312255A10800FADE15 /* Debug */,
				F65F08322255A10800FADE15 /* Release */,
			);
			defaultConfigurationIsVisible = 0;
			defaultConfigurationName = Release;
		};
		F65F08332255A10800FADE15 /* Build configuration list for PBXNativeTarget "WeatherAppUITests" */ = {
			isa = XCConfigurationList;
			buildConfigurations = (
				F65F08342255A10800FADE15 /* Debug */,
				F65F08352255A10800FADE15 /* Release */,
			);
			defaultConfigurationIsVisible = 0;
			defaultConfigurationName = Release;
		};
/* End XCConfigurationList section */
	};
	rootObject = F65F080B2255A10700FADE15 /* Project object */;
}
